
Microsoft Visual Studio Solution File, Format Version 12.00
# Visual Studio Version 16
VisualStudioVersion = 16.0.30711.63
MinimumVisualStudioVersion = 10.0.40219.1
Project("{FAE04EC0-301F-11D3-BF4B-00C04F79EFBC}") = "Library", "Library.csproj", "{09F617FC-55FB-4217-BC59-C624396BF43E}"
EndProject
Global
	GlobalSection(SolutionConfigurationPlatforms) = preSolution
		Debug|Any CPU = Debug|Any CPU
		Release|Any CPU = Release|Any CPU
	EndGlobalSection
	GlobalSection(ProjectConfigurationPlatforms) = postSolution
		{09F617FC-55FB-4217-BC59-C624396BF43E}.Debug|Any CPU.ActiveCfg = Debug|Any CPU
		{09F617FC-55FB-4217-BC59-C624396BF43E}.Debug|Any CPU.Build.0 = Debug|Any CPU
		{09F617FC-55FB-4217-BC59-C624396BF43E}.Release|Any CPU.ActiveCfg = Release|Any CPU
		{09F617FC-55FB-4217-BC59-C624396BF43E}.Release|Any CPU.Build.0 = Release|Any CPU
	EndGlobalSection
	GlobalSection(SolutionProperties) = preSolution
		HideSolutionNode = FALSE
	EndGlobalSection
	GlobalSection(ExtensibilityGlobals) = postSolution
		SolutionGuid = {AFBADD09-8AF2-4498-B705-611AFCD34917}
	EndGlobalSection
EndGlobal
